
Microsoft Visual Studio Solution File, Format Version 12.00
# Visual Studio Version 17
VisualStudioVersion = 17.12.35527.113
MinimumVisualStudioVersion = 10.0.40219.1
Project("{FAE04EC0-301F-11D3-BF4B-00C04F79EFBC}") = "API", "API\API.csproj", "{A5ADE63A-9BD1-4149-B953-1144F636202E}"
EndProject
Project("{FAE04EC0-301F-11D3-BF4B-00C04F79EFBC}") = "Test", "Test\Test.csproj", "{F6B0C18E-8D88-4E7D-B406-3D48ECC54A70}"
EndProject
Global
	GlobalSection(SolutionConfigurationPlatforms) = preSolution
		Debug|Any CPU = Debug|Any CPU
		Release|Any CPU = Release|Any CPU
	EndGlobalSection
	GlobalSection(ProjectConfigurationPlatforms) = postSolution
		{A5ADE63A-9BD1-4149-B953-1144F636202E}.Debug|Any CPU.ActiveCfg = Debug|Any CPU
		{A5ADE63A-9BD1-4149-B953-1144F636202E}.Debug|Any CPU.Build.0 = Debug|Any CPU
		{A5ADE63A-9BD1-4149-B953-1144F636202E}.Release|Any CPU.ActiveCfg = Release|Any CPU
		{A5ADE63A-9BD1-4149-B953-1144F636202E}.Release|Any CPU.Build.0 = Release|Any CPU
		{F6B0C18E-8D88-4E7D-B406-3D48ECC54A70}.Debug|Any CPU.ActiveCfg = Debug|Any CPU
		{F6B0C18E-8D88-4E7D-B406-3D48ECC54A70}.Debug|Any CPU.Build.0 = Debug|Any CPU
		{F6B0C18E-8D88-4E7D-B406-3D48ECC54A70}.Release|Any CPU.ActiveCfg = Release|Any CPU
		{F6B0C18E-8D88-4E7D-B406-3D48ECC54A70}.Release|Any CPU.Build.0 = Release|Any CPU
	EndGlobalSection
	GlobalSection(SolutionProperties) = preSolution
		HideSolutionNode = FALSE
	EndGlobalSection
EndGlobal
