
Microsoft Visual Studio Solution File, Format Version 12.00
# Visual Studio Version 17
VisualStudioVersion = 17.12.35527.113 d17.12
MinimumVisualStudioVersion = 10.0.40219.1
Project("{54A90642-561A-4BB1-A94E-469ADEE60C69}") = "EPS_Gestion", "EPS_Gestion\EPS_Gestion.esproj", "{9F89A66F-6B1F-4D0C-A939-48C3A1BEDED3}"
EndProject
Global
	GlobalSection(SolutionConfigurationPlatforms) = preSolution
		Debug|Any CPU = Debug|Any CPU
		Release|Any CPU = Release|Any CPU
	EndGlobalSection
	GlobalSection(ProjectConfigurationPlatforms) = postSolution
		{9F89A66F-6B1F-4D0C-A939-48C3A1BEDED3}.Debug|Any CPU.ActiveCfg = Debug|Any CPU
		{9F89A66F-6B1F-4D0C-A939-48C3A1BEDED3}.Debug|Any CPU.Build.0 = Debug|Any CPU
		{9F89A66F-6B1F-4D0C-A939-48C3A1BEDED3}.Debug|Any CPU.Deploy.0 = Debug|Any CPU
		{9F89A66F-6B1F-4D0C-A939-48C3A1BEDED3}.Release|Any CPU.ActiveCfg = Release|Any CPU
		{9F89A66F-6B1F-4D0C-A939-48C3A1BEDED3}.Release|Any CPU.Build.0 = Release|Any CPU
		{9F89A66F-6B1F-4D0C-A939-48C3A1BEDED3}.Release|Any CPU.Deploy.0 = Release|Any CPU
	EndGlobalSection
	GlobalSection(SolutionProperties) = preSolution
		HideSolutionNode = FALSE
	EndGlobalSection
EndGlobal
