
Microsoft Visual Studio Solution File, Format Version 12.00
# Visual Studio Version 17
VisualStudioVersion = 17.12.35527.113 d17.12
MinimumVisualStudioVersion = 10.0.40219.1
Project("{FAE04EC0-301F-11D3-BF4B-00C04F79EFBC}") = "WebApplication3", "WebApplication3\WebApplication3.csproj", "{35C27795-FB4D-4E87-BAF1-870A8C2A7344}"
EndProject
Global
	GlobalSection(SolutionConfigurationPlatforms) = preSolution
		Debug|Any CPU = Debug|Any CPU
		Release|Any CPU = Release|Any CPU
	EndGlobalSection
	GlobalSection(ProjectConfigurationPlatforms) = postSolution
		{35C27795-FB4D-4E87-BAF1-870A8C2A7344}.Debug|Any CPU.ActiveCfg = Debug|Any CPU
		{35C27795-FB4D-4E87-BAF1-870A8C2A7344}.Debug|Any CPU.Build.0 = Debug|Any CPU
		{35C27795-FB4D-4E87-BAF1-870A8C2A7344}.Release|Any CPU.ActiveCfg = Release|Any CPU
		{35C27795-FB4D-4E87-BAF1-870A8C2A7344}.Release|Any CPU.Build.0 = Release|Any CPU
	EndGlobalSection
	GlobalSection(SolutionProperties) = preSolution
		HideSolutionNode = FALSE
	EndGlobalSection
EndGlobal
